
Microsoft Visual Studio Solution File, Format Version 12.00
# Visual Studio 15
VisualStudioVersion = 15.0.27428.2015
MinimumVisualStudioVersion = 10.0.40219.1
Project("{FAE04EC0-301F-11D3-BF4B-00C04F79EFBC}") = "MyLibrary", "MyLibrary\MyLibrary.csproj", "{1BD9418C-0200-46BD-ADF5-08383B7AA943}"
EndProject
Global
	GlobalSection(SolutionConfigurationPlatforms) = preSolution
		Debug|Any CPU = Debug|Any CPU
		Release|Any CPU = Release|Any CPU
	EndGlobalSection
	GlobalSection(ProjectConfigurationPlatforms) = postSolution
		{1BD9418C-0200-46BD-ADF5-08383B7AA943}.Debug|Any CPU.ActiveCfg = Debug|Any CPU
		{1BD9418C-0200-46BD-ADF5-08383B7AA943}.Debug|Any CPU.Build.0 = Debug|Any CPU
		{1BD9418C-0200-46BD-ADF5-08383B7AA943}.Release|Any CPU.ActiveCfg = Release|Any CPU
		{1BD9418C-0200-46BD-ADF5-08383B7AA943}.Release|Any CPU.Build.0 = Release|Any CPU
	EndGlobalSection
	GlobalSection(SolutionProperties) = preSolution
		HideSolutionNode = FALSE
	EndGlobalSection
	GlobalSection(ExtensibilityGlobals) = postSolution
		SolutionGuid = {D7CF9C7A-EFD1-4E87-B2F9-7A60A0FB9AA1}
	EndGlobalSection
EndGlobal
